PODS:
  - AFNetworking (2.5.4):
    - AFNetworking/NSURLConnection (= 2.5.4)
    - AFNetworking/NSURLSession (= 2.5.4)
    - AFNetworking/Reachability (= 2.5.4)
    - AFNetworking/Security (= 2.5.4)
    - AFNetworking/Serialization (= 2.5.4)
    - AFNetworking/UIKit (= 2.5.4)
  - AFNetworking/NSURLConnection (2.5.4):
    - AFNetworking/Reachability
    - AFNetworking/Security
    - AFNetworking/Serialization
  - AFNetworking/NSURLSession (2.5.4):
    - AFNetworking/Reachability
    - AFNetworking/Security
    - AFNetworking/Serialization
  - AFNetworking/Reachability (2.5.4)
  - AFNetworking/Security (2.5.4)
  - AFNetworking/Serialization (2.5.4)
  - AFNetworking/UIKit (2.5.4):
    - AFNetworking/NSURLConnection
    - AFNetworking/NSURLSession
  - MJExtension (2.4.4)
  - NSObjectExtend (1.7.2):
    - NSObjectExtend/All (= 1.7.2)
  - NSObjectExtend/All (1.7.2):
    - NSObjectExtend/Core
    - NSObjectExtend/CoreLocation
    - NSObjectExtend/UIKit
  - NSObjectExtend/Core (1.7.2)
  - NSObjectExtend/CoreLocation (1.7.2):
    - NSObjectExtend/Core
  - NSObjectExtend/UIKit (1.7.2):
    - NSObjectExtend/Core
  - SSObject (1.4.3)

DEPENDENCIES:
  - AFNetworking (~> 2.5.0)
  - MJExtension (~> 2.4.0)
  - NSObjectExtend (~> 1.7.0)
  - SSObject (~> 1.4.0)

SPEC CHECKSUMS:
  AFNetworking: 05edc0ac4c4c8cf57bcf4b84be5b0744b6d8e71e
  MJExtension: fabc9e6084f14363ed6828490a98ee516c9cbbfe
  NSObjectExtend: 7dec0d688d87c30868fbbd3924789f7f72950c56
  SSObject: 432743dbebfe8169810f23fdb59e5a0721c91741

COCOAPODS: 0.38.2
