PODS:
  - AFNetworking (2.5.4):
    - AFNetworking/NSURLConnection (= 2.5.4)
    - AFNetworking/NSURLSession (= 2.5.4)
    - AFNetworking/Reachability (= 2.5.4)
    - AFNetworking/Security (= 2.5.4)
    - AFNetworking/Serialization (= 2.5.4)
    - AFNetworking/UIKit (= 2.5.4)
  - AFNetworking/NSURLConnection (2.5.4):
    - AFNetworking/Reachability
    - AFNetworking/Security
    - AFNetworking/Serialization
  - AFNetworking/NSURLSession (2.5.4):
    - AFNetworking/Reachability
    - AFNetworking/Security
    - AFNetworking/Serialization
  - AFNetworking/Reachability (2.5.4)
  - AFNetworking/Security (2.5.4)
  - AFNetworking/Serialization (2.5.4)
  - AFNetworking/UIKit (2.5.4):
    - AFNetworking/NSURLConnection
    - AFNetworking/NSURLSession
  - BlocksKit (2.2.5):
    - BlocksKit/All (= 2.2.5)
  - BlocksKit/All (2.2.5):
    - BlocksKit/Core
    - BlocksKit/DynamicDelegate
    - BlocksKit/MessageUI
    - BlocksKit/UIKit
  - BlocksKit/Core (2.2.5)
  - BlocksKit/DynamicDelegate (2.2.5)
  - BlocksKit/MessageUI (2.2.5):
    - BlocksKit/Core
    - BlocksKit/DynamicDelegate
  - BlocksKit/UIKit (2.2.5):
    - BlocksKit/Core
    - BlocksKit/DynamicDelegate
  - HCSStarRatingView (1.4.2)
  - JSONModel (1.1.0)
  - Masonry (0.6.2)
  - MJRefresh (2.4.9)
  - NSObjectExtend (1.7.2):
    - NSObjectExtend/All (= 1.7.2)
  - NSObjectExtend/All (1.7.2):
    - NSObjectExtend/Core
    - NSObjectExtend/CoreLocation
    - NSObjectExtend/UIKit
  - NSObjectExtend/Core (1.7.2)
  - NSObjectExtend/CoreLocation (1.7.2):
    - NSObjectExtend/Core
  - NSObjectExtend/UIKit (1.7.2):
    - NSObjectExtend/Core
  - ReactiveCocoa (2.5):
    - ReactiveCocoa/UI (= 2.5)
  - ReactiveCocoa/Core (2.5):
    - ReactiveCocoa/no-arc
  - ReactiveCocoa/no-arc (2.5)
  - ReactiveCocoa/UI (2.5):
    - ReactiveCocoa/Core
  - SDWebImage (3.7.3):
    - SDWebImage/Core (= 3.7.3)
  - SDWebImage/Core (3.7.3)
  - TMCache (2.1.0)

DEPENDENCIES:
  - AFNetworking (~> 2.5.0)
  - BlocksKit (~> 2.2.0)
  - HCSStarRatingView (~> 1.4.0)
  - JSONModel (~> 1.1.0)
  - Masonry (~> 0.6.0)
  - MJRefresh (~> 2.4.0)
  - NSObjectExtend (~> 1.7.0)
  - ReactiveCocoa (~> 2.5.0)
  - SDWebImage (~> 3.7.0)
  - TMCache (~> 2.1.0)

SPEC CHECKSUMS:
  AFNetworking: 05edc0ac4c4c8cf57bcf4b84be5b0744b6d8e71e
  BlocksKit: 7f422b971407001178d181a43b99014ea2591fe6
  HCSStarRatingView: 6157471eff9fe3ec7240e131a5b0aba39f097e57
  JSONModel: ec77e9865236a7a09d9cf7668df6b4b328d9ec1d
  Masonry: 362e8a1cc0beada4a4c4832d5e863da2a51533be
  MJRefresh: be84acb912d0a66364f76a75426698a39528e2ed
  NSObjectExtend: 7dec0d688d87c30868fbbd3924789f7f72950c56
  ReactiveCocoa: e2db045570aa97c695e7aa97c2bcab222ae51f4a
  SDWebImage: 1d2b1a1efda1ade1b00b6f8498865f8ddedc8a84
  TMCache: 95ebcc9b3c7e90fb5fd8fc3036cba3aa781c9bed

COCOAPODS: 0.38.2
